
Microsoft Visual Studio Solution File, Format Version 12.00
# Visual Studio Version 17
VisualStudioVersion = 17.6.33815.320
MinimumVisualStudioVersion = 10.0.40219.1
Project("{FAE04EC0-301F-11D3-BF4B-00C04F79EFBC}") = "Business", "Business\Business.csproj", "{FB5A3EF3-DA8E-43F7-8524-218A02957C47}"
EndProject
Project("{FAE04EC0-301F-11D3-BF4B-00C04F79EFBC}") = "Entities", "Entities\Entities.csproj", "{0A52CC76-9FB4-4066-BAD2-CB16483345D6}"
EndProject
Project("{FAE04EC0-301F-11D3-BF4B-00C04F79EFBC}") = "DataAccess", "DataAccess\DataAccess.csproj", "{92997C0C-4D82-40E0-93B5-C53CB9935CD7}"
EndProject
Project("{FAE04EC0-301F-11D3-BF4B-00C04F79EFBC}") = "Core", "Core\Core.csproj", "{C992876A-DBBA-4A3C-AE0C-D139AAE4EA2B}"
EndProject
Project("{FAE04EC0-301F-11D3-BF4B-00C04F79EFBC}") = "ApiController", "ApiController\ApiController.csproj", "{EDB39D16-F591-4065-984A-9E31747814C1}"
EndProject
Global
	GlobalSection(SolutionConfigurationPlatforms) = preSolution
		Debug|Any CPU = Debug|Any CPU
		Release|Any CPU = Release|Any CPU
	EndGlobalSection
	GlobalSection(ProjectConfigurationPlatforms) = postSolution
		{FB5A3EF3-DA8E-43F7-8524-218A02957C47}.Debug|Any CPU.ActiveCfg = Debug|Any CPU
		{FB5A3EF3-DA8E-43F7-8524-218A02957C47}.Debug|Any CPU.Build.0 = Debug|Any CPU
		{FB5A3EF3-DA8E-43F7-8524-218A02957C47}.Release|Any CPU.ActiveCfg = Release|Any CPU
		{FB5A3EF3-DA8E-43F7-8524-218A02957C47}.Release|Any CPU.Build.0 = Release|Any CPU
		{0A52CC76-9FB4-4066-BAD2-CB16483345D6}.Debug|Any CPU.ActiveCfg = Debug|Any CPU
		{0A52CC76-9FB4-4066-BAD2-CB16483345D6}.Debug|Any CPU.Build.0 = Debug|Any CPU
		{0A52CC76-9FB4-4066-BAD2-CB16483345D6}.Release|Any CPU.ActiveCfg = Release|Any CPU
		{0A52CC76-9FB4-4066-BAD2-CB16483345D6}.Release|Any CPU.Build.0 = Release|Any CPU
		{92997C0C-4D82-40E0-93B5-C53CB9935CD7}.Debug|Any CPU.ActiveCfg = Debug|Any CPU
		{92997C0C-4D82-40E0-93B5-C53CB9935CD7}.Debug|Any CPU.Build.0 = Debug|Any CPU
		{92997C0C-4D82-40E0-93B5-C53CB9935CD7}.Release|Any CPU.ActiveCfg = Release|Any CPU
		{92997C0C-4D82-40E0-93B5-C53CB9935CD7}.Release|Any CPU.Build.0 = Release|Any CPU
		{C992876A-DBBA-4A3C-AE0C-D139AAE4EA2B}.Debug|Any CPU.ActiveCfg = Debug|Any CPU
		{C992876A-DBBA-4A3C-AE0C-D139AAE4EA2B}.Debug|Any CPU.Build.0 = Debug|Any CPU
		{C992876A-DBBA-4A3C-AE0C-D139AAE4EA2B}.Release|Any CPU.ActiveCfg = Release|Any CPU
		{C992876A-DBBA-4A3C-AE0C-D139AAE4EA2B}.Release|Any CPU.Build.0 = Release|Any CPU
		{EDB39D16-F591-4065-984A-9E31747814C1}.Debug|Any CPU.ActiveCfg = Debug|Any CPU
		{EDB39D16-F591-4065-984A-9E31747814C1}.Debug|Any CPU.Build.0 = Debug|Any CPU
		{EDB39D16-F591-4065-984A-9E31747814C1}.Release|Any CPU.ActiveCfg = Release|Any CPU
		{EDB39D16-F591-4065-984A-9E31747814C1}.Release|Any CPU.Build.0 = Release|Any CPU
	EndGlobalSection
	GlobalSection(SolutionProperties) = preSolution
		HideSolutionNode = FALSE
	EndGlobalSection
	GlobalSection(ExtensibilityGlobals) = postSolution
		SolutionGuid = {86F27D00-AD5E-4350-9877-B4B9930232A4}
	EndGlobalSection
EndGlobal
